// !$*UTF8*$!
{
	archiveVersion = 1;
	classes = {
	};
	objectVersion = 50;
	objects = {

/* Begin PBXBuildFile section */
		8043E7342E609E20A9C398E9 /* Pods_ios_cubic.framework in Frameworks */ = {isa = PBXBuildFile; fileRef = CD11BA74C323F2FCD8FEFF7D /* Pods_ios_cubic.framework */; };
		85B6768023C67B3100755C40 /* ios_cubic.h in Headers */ = {isa = PBXBuildFile; fileRef = 85B6767223C67B3100755C40 /* ios_cubic.h */; settings = {ATTRIBUTES = (Public, ); }; };
		85B6768C23C67C0200755C40 /* cubic.grpc.swift in Sources */ = {isa = PBXBuildFile; fileRef = 85B6768923C67C0200755C40 /* cubic.grpc.swift */; };
		85B6768D23C67C0200755C40 /* cubic.pb.swift in Sources */ = {isa = PBXBuildFile; fileRef = 85B6768A23C67C0200755C40 /* cubic.pb.swift */; };
/* End PBXBuildFile section */

/* Begin PBXFileReference section */
		09C84E61D085F2B26E25108C /* Pods-ios-cubic-ios-cubicTests.debug.xcconfig */ = {isa = PBXFileReference; includeInIndex = 1; lastKnownFileType = text.xcconfig; name = "Pods-ios-cubic-ios-cubicTests.debug.xcconfig"; path = "Target Support Files/Pods-ios-cubic-ios-cubicTests/Pods-ios-cubic-ios-cubicTests.debug.xcconfig"; sourceTree = "<group>"; };
		10AB5DA6ADE4FBAA599485BD /* Pods-ios-cubic-ios-cubicTests.release.xcconfig */ = {isa = PBXFileReference; includeInIndex = 1; lastKnownFileType = text.xcconfig; name = "Pods-ios-cubic-ios-cubicTests.release.xcconfig"; path = "Target Support Files/Pods-ios-cubic-ios-cubicTests/Pods-ios-cubic-ios-cubicTests.release.xcconfig"; sourceTree = "<group>"; };
		706118FE53D02AB739BB0B6C /* Pods-ios-cubic.debug.xcconfig */ = {isa = PBXFileReference; includeInIndex = 1; lastKnownFileType = text.xcconfig; name = "Pods-ios-cubic.debug.xcconfig"; path = "Target Support Files/Pods-ios-cubic/Pods-ios-cubic.debug.xcconfig"; sourceTree = "<group>"; };
		85B6766F23C67B3100755C40 /* ios_cubic.framework */ = {isa = PBXFileReference; explicitFileType = wrapper.framework; includeInIndex = 0; path = ios_cubic.framework; sourceTree = BUILT_PRODUCTS_DIR; };
		85B6767223C67B3100755C40 /* ios_cubic.h */ = {isa = PBXFileReference; lastKnownFileType = sourcecode.c.h; path = ios_cubic.h; sourceTree = "<group>"; };
		85B6767323C67B3100755C40 /* Info.plist */ = {isa = PBXFileReference; lastKnownFileType = text.plist.xml; path = Info.plist; sourceTree = "<group>"; };
		85B6768923C67C0200755C40 /* cubic.grpc.swift */ = {isa = PBXFileReference; fileEncoding = 4; lastKnownFileType = sourcecode.swift; path = cubic.grpc.swift; sourceTree = "<group>"; };
		85B6768A23C67C0200755C40 /* cubic.pb.swift */ = {isa = PBXFileReference; fileEncoding = 4; lastKnownFileType = sourcecode.swift; path = cubic.pb.swift; sourceTree = "<group>"; };
		CD11BA74C323F2FCD8FEFF7D /* Pods_ios_cubic.framework */ = {isa = PBXFileReference; explicitFileType = wrapper.framework; includeInIndex = 0; path = Pods_ios_cubic.framework; sourceTree = BUILT_PRODUCTS_DIR; };
		ED3804E54D7385FFECC4B41C /* Pods_ios_cubic_ios_cubicTests.framework */ = {isa = PBXFileReference; explicitFileType = wrapper.framework; includeInIndex = 0; path = Pods_ios_cubic_ios_cubicTests.framework; sourceTree = BUILT_PRODUCTS_DIR; };
		F62A6EF9079F37F674307BB8 /* Pods-ios-cubic.release.xcconfig */ = {isa = PBXFileReference; includeInIndex = 1; lastKnownFileType = text.xcconfig; name = "Pods-ios-cubic.release.xcconfig"; path = "Target Support Files/Pods-ios-cubic/Pods-ios-cubic.release.xcconfig"; sourceTree = "<group>"; };
/* End PBXFileReference section */

/* Begin PBXFrameworksBuildPhase section */
		85B6766C23C67B3100755C40 /* Frameworks */ = {
			isa = PBXFrameworksBuildPhase;
			buildActionMask = 2147483647;
			files = (
				8043E7342E609E20A9C398E9 /* Pods_ios_cubic.framework in Frameworks */,
			);
			runOnlyForDeploymentPostprocessing = 0;
		};
/* End PBXFrameworksBuildPhase section */

/* Begin PBXGroup section */
		689C052B8D67D7B52C4E402A /* Frameworks */ = {
			isa = PBXGroup;
			children = (
				CD11BA74C323F2FCD8FEFF7D /* Pods_ios_cubic.framework */,
				ED3804E54D7385FFECC4B41C /* Pods_ios_cubic_ios_cubicTests.framework */,
			);
			name = Frameworks;
			sourceTree = "<group>";
		};
		85B6766523C67B3000755C40 = {
			isa = PBXGroup;
			children = (
				85B6767123C67B3100755C40 /* ios-cubic */,
				85B6767023C67B3100755C40 /* Products */,
				DF9A34835B6D3C7DCB20E551 /* Pods */,
				689C052B8D67D7B52C4E402A /* Frameworks */,
			);
			sourceTree = "<group>";
		};
		85B6767023C67B3100755C40 /* Products */ = {
			isa = PBXGroup;
			children = (
				85B6766F23C67B3100755C40 /* ios_cubic.framework */,
			);
			name = Products;
			sourceTree = "<group>";
		};
		85B6767123C67B3100755C40 /* ios-cubic */ = {
			isa = PBXGroup;
			children = (
				85B6768923C67C0200755C40 /* cubic.grpc.swift */,
				85B6768A23C67C0200755C40 /* cubic.pb.swift */,
				85B6767223C67B3100755C40 /* ios_cubic.h */,
				85B6767323C67B3100755C40 /* Info.plist */,
			);
			path = "ios-cubic";
			sourceTree = "<group>";
		};
		DF9A34835B6D3C7DCB20E551 /* Pods */ = {
			isa = PBXGroup;
			children = (
				706118FE53D02AB739BB0B6C /* Pods-ios-cubic.debug.xcconfig */,
				F62A6EF9079F37F674307BB8 /* Pods-ios-cubic.release.xcconfig */,
				09C84E61D085F2B26E25108C /* Pods-ios-cubic-ios-cubicTests.debug.xcconfig */,
				10AB5DA6ADE4FBAA599485BD /* Pods-ios-cubic-ios-cubicTests.release.xcconfig */,
			);
			path = Pods;
			sourceTree = "<group>";
		};
/* End PBXGroup section */

/* Begin PBXHeadersBuildPhase section */
		85B6766A23C67B3100755C40 /* Headers */ = {
			isa = PBXHeadersBuildPhase;
			buildActionMask = 2147483647;
			files = (
				85B6768023C67B3100755C40 /* ios_cubic.h in Headers */,
			);
			runOnlyForDeploymentPostprocessing = 0;
		};
/* End PBXHeadersBuildPhase section */

/* Begin PBXNativeTarget section */
		85B6766E23C67B3100755C40 /* ios-cubic */ = {
			isa = PBXNativeTarget;
			buildConfigurationList = 85B6768323C67B3100755C40 /* Build configuration list for PBXNativeTarget "ios-cubic" */;
			buildPhases = (
				344DD9D78DF9F63FB60C9BF7 /* [CP] Check Pods Manifest.lock */,
				85B6766A23C67B3100755C40 /* Headers */,
				85B6766B23C67B3100755C40 /* Sources */,
				85B6766C23C67B3100755C40 /* Frameworks */,
				85B6766D23C67B3100755C40 /* Resources */,
			);
			buildRules = (
			);
			dependencies = (
			);
			name = "ios-cubic";
			productName = "ios-cubic";
			productReference = 85B6766F23C67B3100755C40 /* ios_cubic.framework */;
			productType = "com.apple.product-type.framework";
		};
/* End PBXNativeTarget section */

/* Begin PBXProject section */
		85B6766623C67B3000755C40 /* Project object */ = {
			isa = PBXProject;
			attributes = {
				LastSwiftUpdateCheck = 1130;
				LastUpgradeCheck = 1130;
				ORGANIZATIONNAME = "Alex Mankov";
				TargetAttributes = {
					85B6766E23C67B3100755C40 = {
						CreatedOnToolsVersion = 11.3;
						LastSwiftMigration = 1130;
					};
				};
			};
			buildConfigurationList = 85B6766923C67B3000755C40 /* Build configuration list for PBXProject "ios-cubic" */;
			compatibilityVersion = "Xcode 9.3";
			developmentRegion = en;
			hasScannedForEncodings = 0;
			knownRegions = (
				en,
				Base,
			);
			mainGroup = 85B6766523C67B3000755C40;
			productRefGroup = 85B6767023C67B3100755C40 /* Products */;
			projectDirPath = "";
			projectRoot = "";
			targets = (
				85B6766E23C67B3100755C40 /* ios-cubic */,
			);
		};
/* End PBXProject section */

/* Begin PBXResourcesBuildPhase section */
		85B6766D23C67B3100755C40 /* Resources */ = {
			isa = PBXResourcesBuildPhase;
			buildActionMask = 2147483647;
			files = (
			);
			runOnlyForDeploymentPostprocessing = 0;
		};
/* End PBXResourcesBuildPhase section */

/* Begin PBXShellScriptBuildPhase section */
		344DD9D78DF9F63FB60C9BF7 /* [CP] Check Pods Manifest.lock */ = {
			isa = PBXShellScriptBuildPhase;
			buildActionMask = 2147483647;
			files = (
			);
			inputFileListPaths = (
			);
			inputPaths = (
				"${PODS_PODFILE_DIR_PATH}/Podfile.lock",
				"${PODS_ROOT}/Manifest.lock",
			);
			name = "[CP] Check Pods Manifest.lock";
			outputFileListPaths = (
			);
			outputPaths = (
				"$(DERIVED_FILE_DIR)/Pods-ios-cubic-checkManifestLockResult.txt",
			);
			runOnlyForDeploymentPostprocessing = 0;
			shellPath = /bin/sh;
			shellScript = "diff \"${PODS_PODFILE_DIR_PATH}/Podfile.lock\" \"${PODS_ROOT}/Manifest.lock\" > /dev/null\nif [ $? != 0 ] ; then\n    # print error to STDERR\n    echo \"error: The sandbox is not in sync with the Podfile.lock. Run 'pod install' or update your CocoaPods installation.\" >&2\n    exit 1\nfi\n# This output is used by Xcode 'outputs' to avoid re-running this script phase.\necho \"SUCCESS\" > \"${SCRIPT_OUTPUT_FILE_0}\"\n";
			showEnvVarsInLog = 0;
		};
/* End PBXShellScriptBuildPhase section */

/* Begin PBXSourcesBuildPhase section */
		85B6766B23C67B3100755C40 /* Sources */ = {
			isa = PBXSourcesBuildPhase;
			buildActionMask = 2147483647;
			files = (
				85B6768C23C67C0200755C40 /* cubic.grpc.swift in Sources */,
				85B6768D23C67C0200755C40 /* cubic.pb.swift in Sources */,
			);
			runOnlyForDeploymentPostprocessing = 0;
		};
/* End PBXSourcesBuildPhase section */

/* Begin XCBuildConfiguration section */
		85B6768123C67B3100755C40 /* Debug */ = {
			isa = XCBuildConfiguration;
			buildSettings = {
				ALWAYS_SEARCH_USER_PATHS = NO;
				CLANG_ANALYZER_NONNULL = YES;
				CLANG_ANALYZER_NUMBER_OBJECT_CONVERSION = YES_AGGRESSIVE;
				CLANG_CXX_LANGUAGE_STANDARD = "gnu++14";
				CLANG_CXX_LIBRARY = "libc++";
				CLANG_ENABLE_MODULES = YES;
				CLANG_ENABLE_OBJC_ARC = YES;
				CLANG_ENABLE_OBJC_WEAK = YES;
				CLANG_WARN_BLOCK_CAPTURE_AUTORELEASING = YES;
				CLANG_WARN_BOOL_CONVERSION = YES;
				CLANG_WARN_COMMA = YES;
				CLANG_WARN_CONSTANT_CONVERSION = YES;
				CLANG_WARN_DEPRECATED_OBJC_IMPLEMENTATIONS = YES;
				CLANG_WARN_DIRECT_OBJC_ISA_USAGE = YES_ERROR;
				CLANG_WARN_DOCUMENTATION_COMMENTS = YES;
				CLANG_WARN_EMPTY_BODY = YES;
				CLANG_WARN_ENUM_CONVERSION = YES;
				CLANG_WARN_INFINITE_RECURSION = YES;
				CLANG_WARN_INT_CONVERSION = YES;
				CLANG_WARN_NON_LITERAL_NULL_CONVERSION = YES;
				CLANG_WARN_OBJC_IMPLICIT_RETAIN_SELF = YES;
				CLANG_WARN_OBJC_LITERAL_CONVERSION = YES;
				CLANG_WARN_OBJC_ROOT_CLASS = YES_ERROR;
				CLANG_WARN_RANGE_LOOP_ANALYSIS = YES;
				CLANG_WARN_STRICT_PROTOTYPES = YES;
				CLANG_WARN_SUSPICIOUS_MOVE = YES;
				CLANG_WARN_UNGUARDED_AVAILABILITY = YES_AGGRESSIVE;
				CLANG_WARN_UNREACHABLE_CODE = YES;
				CLANG_WARN__DUPLICATE_METHOD_MATCH = YES;
				COPY_PHASE_STRIP = NO;
				CURRENT_PROJECT_VERSION = 1;
				DEBUG_INFORMATION_FORMAT = dwarf;
				ENABLE_STRICT_OBJC_MSGSEND = YES;
				ENABLE_TESTABILITY = YES;
				GCC_C_LANGUAGE_STANDARD = gnu11;
				GCC_DYNAMIC_NO_PIC = NO;
				GCC_NO_COMMON_BLOCKS = YES;
				GCC_OPTIMIZATION_LEVEL = 0;
				GCC_PREPROCESSOR_DEFINITIONS = (
					"DEBUG=1",
					"$(inherited)",
				);
				GCC_WARN_64_TO_32_BIT_CONVERSION = YES;
				GCC_WARN_ABOUT_RETURN_TYPE = YES_ERROR;
				GCC_WARN_UNDECLARED_SELECTOR = YES;
				GCC_WARN_UNINITIALIZED_AUTOS = YES_AGGRESSIVE;
				GCC_WARN_UNUSED_FUNCTION = YES;
				GCC_WARN_UNUSED_VARIABLE = YES;
				IPHONEOS_DEPLOYMENT_TARGET = 13.2;
				MTL_ENABLE_DEBUG_INFO = INCLUDE_SOURCE;
				MTL_FAST_MATH = YES;
				ONLY_ACTIVE_ARCH = YES;
				SDKROOT = iphoneos;
				SWIFT_ACTIVE_COMPILATION_CONDITIONS = DEBUG;
				SWIFT_OPTIMIZATION_LEVEL = "-Onone";
				VERSIONING_SYSTEM = "apple-generic";
				VERSION_INFO_PREFIX = "";
			};
			name = Debug;
		};
		85B6768223C67B3100755C40 /* Release */ = {
			isa = XCBuildConfiguration;
			buildSettings = {
				ALWAYS_SEARCH_USER_PATHS = NO;
				CLANG_ANALYZER_NONNULL = YES;
				CLANG_ANALYZER_NUMBER_OBJECT_CONVERSION = YES_AGGRESSIVE;
				CLANG_CXX_LANGUAGE_STANDARD = "gnu++14";
				CLANG_CXX_LIBRARY = "libc++";
				CLANG_ENABLE_MODULES = YES;
				CLANG_ENABLE_OBJC_ARC = YES;
				CLANG_ENABLE_OBJC_WEAK = YES;
				CLANG_WARN_BLOCK_CAPTURE_AUTORELEASING = YES;
				CLANG_WARN_BOOL_CONVERSION = YES;
				CLANG_WARN_COMMA = YES;
				CLANG_WARN_CONSTANT_CONVERSION = YES;
				CLANG_WARN_DEPRECATED_OBJC_IMPLEMENTATIONS = YES;
				CLANG_WARN_DIRECT_OBJC_ISA_USAGE = YES_ERROR;
				CLANG_WARN_DOCUMENTATION_COMMENTS = YES;
				CLANG_WARN_EMPTY_BODY = YES;
				CLANG_WARN_ENUM_CONVERSION = YES;
				CLANG_WARN_INFINITE_RECURSION = YES;
				CLANG_WARN_INT_CONVERSION = YES;
				CLANG_WARN_NON_LITERAL_NULL_CONVERSION = YES;
				CLANG_WARN_OBJC_IMPLICIT_RETAIN_SELF = YES;
				CLANG_WARN_OBJC_LITERAL_CONVERSION = YES;
				CLANG_WARN_OBJC_ROOT_CLASS = YES_ERROR;
				CLANG_WARN_RANGE_LOOP_ANALYSIS = YES;
				CLANG_WARN_STRICT_PROTOTYPES = YES;
				CLANG_WARN_SUSPICIOUS_MOVE = YES;
				CLANG_WARN_UNGUARDED_AVAILABILITY = YES_AGGRESSIVE;
				CLANG_WARN_UNREACHABLE_CODE = YES;
				CLANG_WARN__DUPLICATE_METHOD_MATCH = YES;
				COPY_PHASE_STRIP = NO;
				CURRENT_PROJECT_VERSION = 1;
				DEBUG_INFORMATION_FORMAT = "dwarf-with-dsym";
				ENABLE_NS_ASSERTIONS = NO;
				ENABLE_STRICT_OBJC_MSGSEND = YES;
				GCC_C_LANGUAGE_STANDARD = gnu11;
				GCC_NO_COMMON_BLOCKS = YES;
				GCC_WARN_64_TO_32_BIT_CONVERSION = YES;
				GCC_WARN_ABOUT_RETURN_TYPE = YES_ERROR;
				GCC_WARN_UNDECLARED_SELECTOR = YES;
				GCC_WARN_UNINITIALIZED_AUTOS = YES_AGGRESSIVE;
				GCC_WARN_UNUSED_FUNCTION = YES;
				GCC_WARN_UNUSED_VARIABLE = YES;
				IPHONEOS_DEPLOYMENT_TARGET = 13.2;
				MTL_ENABLE_DEBUG_INFO = NO;
				MTL_FAST_MATH = YES;
				SDKROOT = iphoneos;
				SWIFT_COMPILATION_MODE = wholemodule;
				SWIFT_OPTIMIZATION_LEVEL = "-O";
				VALIDATE_PRODUCT = YES;
				VERSIONING_SYSTEM = "apple-generic";
				VERSION_INFO_PREFIX = "";
			};
			name = Release;
		};
		85B6768423C67B3100755C40 /* Debug */ = {
			isa = XCBuildConfiguration;
			baseConfigurationReference = 706118FE53D02AB739BB0B6C /* Pods-ios-cubic.debug.xcconfig */;
			buildSettings = {
				CLANG_ENABLE_MODULES = YES;
				CODE_SIGN_STYLE = Automatic;
				DEFINES_MODULE = YES;
				DEVELOPMENT_TEAM = PBJ6A87972;
				DYLIB_COMPATIBILITY_VERSION = 1;
				DYLIB_CURRENT_VERSION = 1;
				DYLIB_INSTALL_NAME_BASE = "@rpath";
				INFOPLIST_FILE = "ios-cubic/Info.plist";
				INSTALL_PATH = "$(LOCAL_LIBRARY_DIR)/Frameworks";
				LD_RUNPATH_SEARCH_PATHS = (
					"$(inherited)",
					"@executable_path/Frameworks",
					"@loader_path/Frameworks",
				);
				PRODUCT_BUNDLE_IDENTIFIER = "com.cobaltspeech.sdk-cubic";
				PRODUCT_NAME = "$(TARGET_NAME:c99extidentifier)";
				SKIP_INSTALL = YES;
				SWIFT_OPTIMIZATION_LEVEL = "-Onone";
				SWIFT_VERSION = 5.0;
				TARGETED_DEVICE_FAMILY = "1,2";
			};
			name = Debug;
		};
		85B6768523C67B3100755C40 /* Release */ = {
			isa = XCBuildConfiguration;
			baseConfigurationReference = F62A6EF9079F37F674307BB8 /* Pods-ios-cubic.release.xcconfig */;
			buildSettings = {
				CLANG_ENABLE_MODULES = YES;
				CODE_SIGN_STYLE = Automatic;
				DEFINES_MODULE = YES;
				DEVELOPMENT_TEAM = PBJ6A87972;
				DYLIB_COMPATIBILITY_VERSION = 1;
				DYLIB_CURRENT_VERSION = 1;
				DYLIB_INSTALL_NAME_BASE = "@rpath";
				INFOPLIST_FILE = "ios-cubic/Info.plist";
				INSTALL_PATH = "$(LOCAL_LIBRARY_DIR)/Frameworks";
				LD_RUNPATH_SEARCH_PATHS = (
					"$(inherited)",
					"@executable_path/Frameworks",
					"@loader_path/Frameworks",
				);
				PRODUCT_BUNDLE_IDENTIFIER = "com.cobaltspeech.sdk-cubic";
				PRODUCT_NAME = "$(TARGET_NAME:c99extidentifier)";
				SKIP_INSTALL = YES;
				SWIFT_VERSION = 5.0;
				TARGETED_DEVICE_FAMILY = "1,2";
			};
			name = Release;
		};
/* End XCBuildConfiguration section */

/* Begin XCConfigurationList section */
		85B6766923C67B3000755C40 /* Build configuration list for PBXProject "ios-cubic" */ = {
			isa = XCConfigurationList;
			buildConfigurations = (
				85B6768123C67B3100755C40 /* Debug */,
				85B6768223C67B3100755C40 /* Release */,
			);
			defaultConfigurationIsVisible = 0;
			defaultConfigurationName = Release;
		};
		85B6768323C67B3100755C40 /* Build configuration list for PBXNativeTarget "ios-cubic" */ = {
			isa = XCConfigurationList;
			buildConfigurations = (
				85B6768423C67B3100755C40 /* Debug */,
				85B6768523C67B3100755C40 /* Release */,
			);
			defaultConfigurationIsVisible = 0;
			defaultConfigurationName = Release;
		};
/* End XCConfigurationList section */
	};
	rootObject = 85B6766623C67B3000755C40 /* Project object */;
}
