// !$*UTF8*$!
{
	archiveVersion = 1;
	classes = {
	};
	objectVersion = 52;
	objects = {

/* Begin PBXBuildFile section */
		85D1523123EA0B8300BC7510 /* swift-cubic in Frameworks */ = {isa = PBXBuildFile; productRef = 85D1523023EA0B8300BC7510 /* swift-cubic */; };
		85F3E87E23D46FA400DF7CDB /* AppDelegate.swift in Sources */ = {isa = PBXBuildFile; fileRef = 85F3E87D23D46FA400DF7CDB /* AppDelegate.swift */; };
		85F3E88223D46FA400DF7CDB /* ViewController.swift in Sources */ = {isa = PBXBuildFile; fileRef = 85F3E88123D46FA400DF7CDB /* ViewController.swift */; };
		85F3E88523D46FA400DF7CDB /* Main.storyboard in Resources */ = {isa = PBXBuildFile; fileRef = 85F3E88323D46FA400DF7CDB /* Main.storyboard */; };
		85F3E88723D46FA500DF7CDB /* Assets.xcassets in Resources */ = {isa = PBXBuildFile; fileRef = 85F3E88623D46FA500DF7CDB /* Assets.xcassets */; };
		85F3E88A23D46FA500DF7CDB /* LaunchScreen.storyboard in Resources */ = {isa = PBXBuildFile; fileRef = 85F3E88823D46FA500DF7CDB /* LaunchScreen.storyboard */; };
		85F3E8EA23D631B400DF7CDB /* CubicManager.swift in Sources */ = {isa = PBXBuildFile; fileRef = 85F3E8E923D631B400DF7CDB /* CubicManager.swift */; };
		8F41516823E646520078EC33 /* SceneDelegate.swift in Sources */ = {isa = PBXBuildFile; fileRef = 8F41516723E646520078EC33 /* SceneDelegate.swift */; };
		8F41516A23E648DC0078EC33 /* SettingsViewController.swift in Sources */ = {isa = PBXBuildFile; fileRef = 8F41516923E648DC0078EC33 /* SettingsViewController.swift */; };
		8FBFB64523E8490100DED69A /* UIViewControllerExtensions.swift in Sources */ = {isa = PBXBuildFile; fileRef = 8FBFB64423E8490100DED69A /* UIViewControllerExtensions.swift */; };
/* End PBXBuildFile section */

/* Begin PBXCopyFilesBuildPhase section */
		85F3E90C23D63EDB00DF7CDB /* Embed Frameworks */ = {
			isa = PBXCopyFilesBuildPhase;
			buildActionMask = 2147483647;
			dstPath = "";
			dstSubfolderSpec = 10;
			files = (
			);
			name = "Embed Frameworks";
			runOnlyForDeploymentPostprocessing = 0;
		};
/* End PBXCopyFilesBuildPhase section */

/* Begin PBXFileReference section */
		85594C1B23EA06A70090FD35 /* swift-cubic */ = {isa = PBXFileReference; lastKnownFileType = folder; name = "swift-cubic"; path = "../../grpc/swift-cubic"; sourceTree = "<group>"; };
		85F3E87A23D46FA300DF7CDB /* cubic-demo.app */ = {isa = PBXFileReference; explicitFileType = wrapper.application; includeInIndex = 0; path = "cubic-demo.app"; sourceTree = BUILT_PRODUCTS_DIR; };
		85F3E87D23D46FA400DF7CDB /* AppDelegate.swift */ = {isa = PBXFileReference; lastKnownFileType = sourcecode.swift; path = AppDelegate.swift; sourceTree = "<group>"; };
		85F3E88123D46FA400DF7CDB /* ViewController.swift */ = {isa = PBXFileReference; lastKnownFileType = sourcecode.swift; path = ViewController.swift; sourceTree = "<group>"; };
		85F3E88423D46FA400DF7CDB /* Base */ = {isa = PBXFileReference; lastKnownFileType = file.storyboard; name = Base; path = Base.lproj/Main.storyboard; sourceTree = "<group>"; };
		85F3E88623D46FA500DF7CDB /* Assets.xcassets */ = {isa = PBXFileReference; lastKnownFileType = folder.assetcatalog; path = Assets.xcassets; sourceTree = "<group>"; };
		85F3E88923D46FA500DF7CDB /* Base */ = {isa = PBXFileReference; lastKnownFileType = file.storyboard; name = Base; path = Base.lproj/LaunchScreen.storyboard; sourceTree = "<group>"; };
		85F3E88B23D46FA500DF7CDB /* Info.plist */ = {isa = PBXFileReference; lastKnownFileType = text.plist.xml; path = Info.plist; sourceTree = "<group>"; };
		85F3E8E923D631B400DF7CDB /* CubicManager.swift */ = {isa = PBXFileReference; fileEncoding = 4; lastKnownFileType = sourcecode.swift; path = CubicManager.swift; sourceTree = "<group>"; };
		8F41516723E646520078EC33 /* SceneDelegate.swift */ = {isa = PBXFileReference; lastKnownFileType = sourcecode.swift; path = SceneDelegate.swift; sourceTree = "<group>"; };
		8F41516923E648DC0078EC33 /* SettingsViewController.swift */ = {isa = PBXFileReference; lastKnownFileType = sourcecode.swift; path = SettingsViewController.swift; sourceTree = "<group>"; };
		8FBFB64423E8490100DED69A /* UIViewControllerExtensions.swift */ = {isa = PBXFileReference; lastKnownFileType = sourcecode.swift; path = UIViewControllerExtensions.swift; sourceTree = "<group>"; };
/* End PBXFileReference section */

/* Begin PBXFrameworksBuildPhase section */
		85F3E87723D46FA300DF7CDB /* Frameworks */ = {
			isa = PBXFrameworksBuildPhase;
			buildActionMask = 2147483647;
			files = (
				85D1523123EA0B8300BC7510 /* swift-cubic in Frameworks */,
			);
			runOnlyForDeploymentPostprocessing = 0;
		};
/* End PBXFrameworksBuildPhase section */

/* Begin PBXGroup section */
		85F3E87123D46FA300DF7CDB = {
			isa = PBXGroup;
			children = (
				85F3E87C23D46FA300DF7CDB /* cubic-demo */,
				85F3E87B23D46FA300DF7CDB /* Products */,
				DA021AAB7012431C032E815C /* Pods */,
				E3831B45207D1961052452E3 /* Frameworks */,
			);
			sourceTree = "<group>";
		};
		85F3E87B23D46FA300DF7CDB /* Products */ = {
			isa = PBXGroup;
			children = (
				85F3E87A23D46FA300DF7CDB /* cubic-demo.app */,
			);
			name = Products;
			sourceTree = "<group>";
		};
		85F3E87C23D46FA300DF7CDB /* cubic-demo */ = {
			isa = PBXGroup;
			children = (
				8FBFB64323E848E500DED69A /* Extensions */,
				85F3E8E923D631B400DF7CDB /* CubicManager.swift */,
				85F3E87D23D46FA400DF7CDB /* AppDelegate.swift */,
				85F3E88123D46FA400DF7CDB /* ViewController.swift */,
				8F41516923E648DC0078EC33 /* SettingsViewController.swift */,
				85F3E88323D46FA400DF7CDB /* Main.storyboard */,
				85F3E88623D46FA500DF7CDB /* Assets.xcassets */,
				85F3E88823D46FA500DF7CDB /* LaunchScreen.storyboard */,
				85F3E88B23D46FA500DF7CDB /* Info.plist */,
				8F41516723E646520078EC33 /* SceneDelegate.swift */,
			);
			path = "cubic-demo";
			sourceTree = "<group>";
		};
		8FBFB64323E848E500DED69A /* Extensions */ = {
			isa = PBXGroup;
			children = (
				8FBFB64423E8490100DED69A /* UIViewControllerExtensions.swift */,
			);
			path = Extensions;
			sourceTree = "<group>";
		};
		DA021AAB7012431C032E815C /* Pods */ = {
			isa = PBXGroup;
			children = (
			);
			path = Pods;
			sourceTree = "<group>";
		};
		E3831B45207D1961052452E3 /* Frameworks */ = {
			isa = PBXGroup;
			children = (
				85594C1B23EA06A70090FD35 /* swift-cubic */,
			);
			name = Frameworks;
			sourceTree = "<group>";
		};
/* End PBXGroup section */

/* Begin PBXNativeTarget section */
		85F3E87923D46FA300DF7CDB /* cubic-demo */ = {
			isa = PBXNativeTarget;
			buildConfigurationList = 85F3E8A423D46FA600DF7CDB /* Build configuration list for PBXNativeTarget "cubic-demo" */;
			buildPhases = (
				85F3E87623D46FA300DF7CDB /* Sources */,
				85F3E87723D46FA300DF7CDB /* Frameworks */,
				85F3E87823D46FA300DF7CDB /* Resources */,
				85F3E90C23D63EDB00DF7CDB /* Embed Frameworks */,
			);
			buildRules = (
			);
			dependencies = (
			);
			name = "cubic-demo";
			packageProductDependencies = (
				85D1523023EA0B8300BC7510 /* swift-cubic */,
			);
			productName = "cubic-demo";
			productReference = 85F3E87A23D46FA300DF7CDB /* cubic-demo.app */;
			productType = "com.apple.product-type.application";
		};
/* End PBXNativeTarget section */

/* Begin PBXProject section */
		85F3E87223D46FA300DF7CDB /* Project object */ = {
			isa = PBXProject;
			attributes = {
				LastSwiftUpdateCheck = 1130;
				LastUpgradeCheck = 1130;
				ORGANIZATIONNAME = "Alex Mankov";
				TargetAttributes = {
					85F3E87923D46FA300DF7CDB = {
						CreatedOnToolsVersion = 11.3.1;
					};
				};
			};
			buildConfigurationList = 85F3E87523D46FA300DF7CDB /* Build configuration list for PBXProject "cubic-demo" */;
			compatibilityVersion = "Xcode 9.3";
			developmentRegion = en;
			hasScannedForEncodings = 0;
			knownRegions = (
				en,
				Base,
			);
			mainGroup = 85F3E87123D46FA300DF7CDB;
			packageReferences = (
			);
			productRefGroup = 85F3E87B23D46FA300DF7CDB /* Products */;
			projectDirPath = "";
			projectRoot = "";
			targets = (
				85F3E87923D46FA300DF7CDB /* cubic-demo */,
			);
		};
/* End PBXProject section */

/* Begin PBXResourcesBuildPhase section */
		85F3E87823D46FA300DF7CDB /* Resources */ = {
			isa = PBXResourcesBuildPhase;
			buildActionMask = 2147483647;
			files = (
				85F3E88A23D46FA500DF7CDB /* LaunchScreen.storyboard in Resources */,
				85F3E88723D46FA500DF7CDB /* Assets.xcassets in Resources */,
				85F3E88523D46FA400DF7CDB /* Main.storyboard in Resources */,
			);
			runOnlyForDeploymentPostprocessing = 0;
		};
/* End PBXResourcesBuildPhase section */

/* Begin PBXSourcesBuildPhase section */
		85F3E87623D46FA300DF7CDB /* Sources */ = {
			isa = PBXSourcesBuildPhase;
			buildActionMask = 2147483647;
			files = (
				85F3E88223D46FA400DF7CDB /* ViewController.swift in Sources */,
				85F3E87E23D46FA400DF7CDB /* AppDelegate.swift in Sources */,
				85F3E8EA23D631B400DF7CDB /* CubicManager.swift in Sources */,
				8F41516A23E648DC0078EC33 /* SettingsViewController.swift in Sources */,
				8FBFB64523E8490100DED69A /* UIViewControllerExtensions.swift in Sources */,
				8F41516823E646520078EC33 /* SceneDelegate.swift in Sources */,
			);
			runOnlyForDeploymentPostprocessing = 0;
		};
/* End PBXSourcesBuildPhase section */

/* Begin PBXVariantGroup section */
		85F3E88323D46FA400DF7CDB /* Main.storyboard */ = {
			isa = PBXVariantGroup;
			children = (
				85F3E88423D46FA400DF7CDB /* Base */,
			);
			name = Main.storyboard;
			sourceTree = "<group>";
		};
		85F3E88823D46FA500DF7CDB /* LaunchScreen.storyboard */ = {
			isa = PBXVariantGroup;
			children = (
				85F3E88923D46FA500DF7CDB /* Base */,
			);
			name = LaunchScreen.storyboard;
			sourceTree = "<group>";
		};
/* End PBXVariantGroup section */

/* Begin XCBuildConfiguration section */
		85F3E8A223D46FA500DF7CDB /* Debug */ = {
			isa = XCBuildConfiguration;
			buildSettings = {
				ALWAYS_SEARCH_USER_PATHS = NO;
				CLANG_ANALYZER_NONNULL = YES;
				CLANG_ANALYZER_NUMBER_OBJECT_CONVERSION = YES_AGGRESSIVE;
				CLANG_CXX_LANGUAGE_STANDARD = "gnu++14";
				CLANG_CXX_LIBRARY = "libc++";
				CLANG_ENABLE_MODULES = YES;
				CLANG_ENABLE_OBJC_ARC = YES;
				CLANG_ENABLE_OBJC_WEAK = YES;
				CLANG_WARN_BLOCK_CAPTURE_AUTORELEASING = YES;
				CLANG_WARN_BOOL_CONVERSION = YES;
				CLANG_WARN_COMMA = YES;
				CLANG_WARN_CONSTANT_CONVERSION = YES;
				CLANG_WARN_DEPRECATED_OBJC_IMPLEMENTATIONS = YES;
				CLANG_WARN_DIRECT_OBJC_ISA_USAGE = YES_ERROR;
				CLANG_WARN_DOCUMENTATION_COMMENTS = YES;
				CLANG_WARN_EMPTY_BODY = YES;
				CLANG_WARN_ENUM_CONVERSION = YES;
				CLANG_WARN_INFINITE_RECURSION = YES;
				CLANG_WARN_INT_CONVERSION = YES;
				CLANG_WARN_NON_LITERAL_NULL_CONVERSION = YES;
				CLANG_WARN_OBJC_IMPLICIT_RETAIN_SELF = YES;
				CLANG_WARN_OBJC_LITERAL_CONVERSION = YES;
				CLANG_WARN_OBJC_ROOT_CLASS = YES_ERROR;
				CLANG_WARN_RANGE_LOOP_ANALYSIS = YES;
				CLANG_WARN_STRICT_PROTOTYPES = YES;
				CLANG_WARN_SUSPICIOUS_MOVE = YES;
				CLANG_WARN_UNGUARDED_AVAILABILITY = YES_AGGRESSIVE;
				CLANG_WARN_UNREACHABLE_CODE = YES;
				CLANG_WARN__DUPLICATE_METHOD_MATCH = YES;
				COPY_PHASE_STRIP = NO;
				DEBUG_INFORMATION_FORMAT = dwarf;
				ENABLE_STRICT_OBJC_MSGSEND = YES;
				ENABLE_TESTABILITY = YES;
				GCC_C_LANGUAGE_STANDARD = gnu11;
				GCC_DYNAMIC_NO_PIC = NO;
				GCC_NO_COMMON_BLOCKS = YES;
				GCC_OPTIMIZATION_LEVEL = 0;
				GCC_PREPROCESSOR_DEFINITIONS = (
					"DEBUG=1",
					"$(inherited)",
				);
				GCC_WARN_64_TO_32_BIT_CONVERSION = YES;
				GCC_WARN_ABOUT_RETURN_TYPE = YES_ERROR;
				GCC_WARN_UNDECLARED_SELECTOR = YES;
				GCC_WARN_UNINITIALIZED_AUTOS = YES_AGGRESSIVE;
				GCC_WARN_UNUSED_FUNCTION = YES;
				GCC_WARN_UNUSED_VARIABLE = YES;
				IPHONEOS_DEPLOYMENT_TARGET = 13.2;
				MTL_ENABLE_DEBUG_INFO = INCLUDE_SOURCE;
				MTL_FAST_MATH = YES;
				ONLY_ACTIVE_ARCH = YES;
				SDKROOT = iphoneos;
				SWIFT_ACTIVE_COMPILATION_CONDITIONS = DEBUG;
				SWIFT_OPTIMIZATION_LEVEL = "-Onone";
			};
			name = Debug;
		};
		85F3E8A323D46FA500DF7CDB /* Release */ = {
			isa = XCBuildConfiguration;
			buildSettings = {
				ALWAYS_SEARCH_USER_PATHS = NO;
				CLANG_ANALYZER_NONNULL = YES;
				CLANG_ANALYZER_NUMBER_OBJECT_CONVERSION = YES_AGGRESSIVE;
				CLANG_CXX_LANGUAGE_STANDARD = "gnu++14";
				CLANG_CXX_LIBRARY = "libc++";
				CLANG_ENABLE_MODULES = YES;
				CLANG_ENABLE_OBJC_ARC = YES;
				CLANG_ENABLE_OBJC_WEAK = YES;
				CLANG_WARN_BLOCK_CAPTURE_AUTORELEASING = YES;
				CLANG_WARN_BOOL_CONVERSION = YES;
				CLANG_WARN_COMMA = YES;
				CLANG_WARN_CONSTANT_CONVERSION = YES;
				CLANG_WARN_DEPRECATED_OBJC_IMPLEMENTATIONS = YES;
				CLANG_WARN_DIRECT_OBJC_ISA_USAGE = YES_ERROR;
				CLANG_WARN_DOCUMENTATION_COMMENTS = YES;
				CLANG_WARN_EMPTY_BODY = YES;
				CLANG_WARN_ENUM_CONVERSION = YES;
				CLANG_WARN_INFINITE_RECURSION = YES;
				CLANG_WARN_INT_CONVERSION = YES;
				CLANG_WARN_NON_LITERAL_NULL_CONVERSION = YES;
				CLANG_WARN_OBJC_IMPLICIT_RETAIN_SELF = YES;
				CLANG_WARN_OBJC_LITERAL_CONVERSION = YES;
				CLANG_WARN_OBJC_ROOT_CLASS = YES_ERROR;
				CLANG_WARN_RANGE_LOOP_ANALYSIS = YES;
				CLANG_WARN_STRICT_PROTOTYPES = YES;
				CLANG_WARN_SUSPICIOUS_MOVE = YES;
				CLANG_WARN_UNGUARDED_AVAILABILITY = YES_AGGRESSIVE;
				CLANG_WARN_UNREACHABLE_CODE = YES;
				CLANG_WARN__DUPLICATE_METHOD_MATCH = YES;
				COPY_PHASE_STRIP = NO;
				DEBUG_INFORMATION_FORMAT = "dwarf-with-dsym";
				ENABLE_NS_ASSERTIONS = NO;
				ENABLE_STRICT_OBJC_MSGSEND = YES;
				GCC_C_LANGUAGE_STANDARD = gnu11;
				GCC_NO_COMMON_BLOCKS = YES;
				GCC_WARN_64_TO_32_BIT_CONVERSION = YES;
				GCC_WARN_ABOUT_RETURN_TYPE = YES_ERROR;
				GCC_WARN_UNDECLARED_SELECTOR = YES;
				GCC_WARN_UNINITIALIZED_AUTOS = YES_AGGRESSIVE;
				GCC_WARN_UNUSED_FUNCTION = YES;
				GCC_WARN_UNUSED_VARIABLE = YES;
				IPHONEOS_DEPLOYMENT_TARGET = 13.2;
				MTL_ENABLE_DEBUG_INFO = NO;
				MTL_FAST_MATH = YES;
				SDKROOT = iphoneos;
				SWIFT_COMPILATION_MODE = wholemodule;
				SWIFT_OPTIMIZATION_LEVEL = "-O";
				VALIDATE_PRODUCT = YES;
			};
			name = Release;
		};
		85F3E8A523D46FA600DF7CDB /* Debug */ = {
			isa = XCBuildConfiguration;
			buildSettings = {
				ASSETCATALOG_COMPILER_APPICON_NAME = AppIcon;
				CODE_SIGN_STYLE = Automatic;
				DEVELOPMENT_TEAM = PBJ6A87972;
				INFOPLIST_FILE = "cubic-demo/Info.plist";
				LD_RUNPATH_SEARCH_PATHS = (
					"$(inherited)",
					"@executable_path/Frameworks",
				);
				PRODUCT_BUNDLE_IDENTIFIER = ru.audiohub.ios;
				PRODUCT_NAME = "$(TARGET_NAME)";
				SWIFT_VERSION = 5.0;
				TARGETED_DEVICE_FAMILY = "1,2";
			};
			name = Debug;
		};
		85F3E8A623D46FA600DF7CDB /* Release */ = {
			isa = XCBuildConfiguration;
			buildSettings = {
				ASSETCATALOG_COMPILER_APPICON_NAME = AppIcon;
				CODE_SIGN_STYLE = Automatic;
				DEVELOPMENT_TEAM = PBJ6A87972;
				INFOPLIST_FILE = "cubic-demo/Info.plist";
				LD_RUNPATH_SEARCH_PATHS = (
					"$(inherited)",
					"@executable_path/Frameworks",
				);
				PRODUCT_BUNDLE_IDENTIFIER = ru.audiohub.ios;
				PRODUCT_NAME = "$(TARGET_NAME)";
				SWIFT_VERSION = 5.0;
				TARGETED_DEVICE_FAMILY = "1,2";
			};
			name = Release;
		};
/* End XCBuildConfiguration section */

/* Begin XCConfigurationList section */
		85F3E87523D46FA300DF7CDB /* Build configuration list for PBXProject "cubic-demo" */ = {
			isa = XCConfigurationList;
			buildConfigurations = (
				85F3E8A223D46FA500DF7CDB /* Debug */,
				85F3E8A323D46FA500DF7CDB /* Release */,
			);
			defaultConfigurationIsVisible = 0;
			defaultConfigurationName = Release;
		};
		85F3E8A423D46FA600DF7CDB /* Build configuration list for PBXNativeTarget "cubic-demo" */ = {
			isa = XCConfigurationList;
			buildConfigurations = (
				85F3E8A523D46FA600DF7CDB /* Debug */,
				85F3E8A623D46FA600DF7CDB /* Release */,
			);
			defaultConfigurationIsVisible = 0;
			defaultConfigurationName = Release;
		};
/* End XCConfigurationList section */

/* Begin XCSwiftPackageProductDependency section */
		85D1523023EA0B8300BC7510 /* swift-cubic */ = {
			isa = XCSwiftPackageProductDependency;
			productName = "swift-cubic";
		};
/* End XCSwiftPackageProductDependency section */
	};
	rootObject = 85F3E87223D46FA300DF7CDB /* Project object */;
}
