PODS:
  - CNIOAtomics (2.11.0)
  - CNIODarwin (2.11.0)
  - CNIOLinux (2.11.0)
  - CNIOSHA1 (2.11.0)
  - SwiftNIO (2.11.0):
    - CNIOAtomics (= 2.11.0)
    - CNIODarwin (= 2.11.0)
    - CNIOLinux (= 2.11.0)
    - CNIOSHA1 (= 2.11.0)
    - SwiftNIOConcurrencyHelpers (= 2.11.0)
  - SwiftNIOConcurrencyHelpers (2.11.0):
    - CNIOAtomics (= 2.11.0)
  - SwiftProtobuf (1.7.0)

DEPENDENCIES:
  - SwiftNIO
  - SwiftProtobuf (~> 1.0)

SPEC REPOS:
  trunk:
    - CNIOAtomics
    - CNIODarwin
    - CNIOLinux
    - CNIOSHA1
    - SwiftNIO
    - SwiftNIOConcurrencyHelpers
    - SwiftProtobuf

SPEC CHECKSUMS:
  CNIOAtomics: e48c24c8f842db0fe9ebef746a189d4b3852cb26
  CNIODarwin: b7daad3812b7675af5abdfb8fccd50709702aa02
  CNIOLinux: b5d9acbe86a297e0644c94e7f6866ecfba65108a
  CNIOSHA1: 2fa7405f7fb463168a3275978018a2c06dd08742
  SwiftNIO: 40cfda7f8cb61023a1623f9286f570133acdb645
  SwiftNIOConcurrencyHelpers: 1fe32cc1f89ce73036f1aa71fb6a39d7c876ecdc
  SwiftProtobuf: 4fd9645e69b72cbae6ec8da5be0cdd20ca6565dd

PODFILE CHECKSUM: 629281d128052128edfa591e83720b06c72298b8

COCOAPODS: 1.8.4
